
Microsoft Visual Studio Solution File, Format Version 12.00
# Visual Studio 15
VisualStudioVersion = 15.0.27703.2042
MinimumVisualStudioVersion = 10.0.40219.1
Project("{FAE04EC0-301F-11D3-BF4B-00C04F79EFBC}") = "FilmReview", "FilmReview\FilmReview.csproj", "{C956559F-027E-4309-BAC3-4A7A5BF0599D}"
EndProject
Project("{FAE04EC0-301F-11D3-BF4B-00C04F79EFBC}") = "FilmReview.Tests", "FilmReview.Tests\FilmReview.Tests.csproj", "{110D590C-EA1E-422C-A20B-E71FF44B6FE5}"
EndProject
Global
	GlobalSection(SolutionConfigurationPlatforms) = preSolution
		Debug|Any CPU = Debug|Any CPU
		Release|Any CPU = Release|Any CPU
	EndGlobalSection
	GlobalSection(ProjectConfigurationPlatforms) = postSolution
		{C956559F-027E-4309-BAC3-4A7A5BF0599D}.Debug|Any CPU.ActiveCfg = Debug|Any CPU
		{C956559F-027E-4309-BAC3-4A7A5BF0599D}.Debug|Any CPU.Build.0 = Debug|Any CPU
		{C956559F-027E-4309-BAC3-4A7A5BF0599D}.Release|Any CPU.ActiveCfg = Release|Any CPU
		{C956559F-027E-4309-BAC3-4A7A5BF0599D}.Release|Any CPU.Build.0 = Release|Any CPU
		{110D590C-EA1E-422C-A20B-E71FF44B6FE5}.Debug|Any CPU.ActiveCfg = Debug|Any CPU
		{110D590C-EA1E-422C-A20B-E71FF44B6FE5}.Debug|Any CPU.Build.0 = Debug|Any CPU
		{110D590C-EA1E-422C-A20B-E71FF44B6FE5}.Release|Any CPU.ActiveCfg = Release|Any CPU
		{110D590C-EA1E-422C-A20B-E71FF44B6FE5}.Release|Any CPU.Build.0 = Release|Any CPU
	EndGlobalSection
	GlobalSection(SolutionProperties) = preSolution
		HideSolutionNode = FALSE
	EndGlobalSection
	GlobalSection(ExtensibilityGlobals) = postSolution
		SolutionGuid = {DCC23FFD-A9C1-4A81-A0A6-24A10B53EEEF}
	EndGlobalSection
EndGlobal
