
Microsoft Visual Studio Solution File, Format Version 12.00
# Visual Studio 15
VisualStudioVersion = 15.0.27703.2042
MinimumVisualStudioVersion = 10.0.40219.1
Project("{FAE04EC0-301F-11D3-BF4B-00C04F79EFBC}") = "FilmReview", "FilmReview\FilmReview.csproj", "{5DB595A0-8E5F-406C-AC0D-969F3FB55D67}"
EndProject
Project("{FAE04EC0-301F-11D3-BF4B-00C04F79EFBC}") = "FilmReview.Tests", "FilmReview.Tests\FilmReview.Tests.csproj", "{39E8ECA9-E503-4B76-B43C-6375FE8EBB63}"
EndProject
Global
	GlobalSection(SolutionConfigurationPlatforms) = preSolution
		Debug|Any CPU = Debug|Any CPU
		Release|Any CPU = Release|Any CPU
	EndGlobalSection
	GlobalSection(ProjectConfigurationPlatforms) = postSolution
		{5DB595A0-8E5F-406C-AC0D-969F3FB55D67}.Debug|Any CPU.ActiveCfg = Debug|Any CPU
		{5DB595A0-8E5F-406C-AC0D-969F3FB55D67}.Debug|Any CPU.Build.0 = Debug|Any CPU
		{5DB595A0-8E5F-406C-AC0D-969F3FB55D67}.Release|Any CPU.ActiveCfg = Release|Any CPU
		{5DB595A0-8E5F-406C-AC0D-969F3FB55D67}.Release|Any CPU.Build.0 = Release|Any CPU
		{39E8ECA9-E503-4B76-B43C-6375FE8EBB63}.Debug|Any CPU.ActiveCfg = Debug|Any CPU
		{39E8ECA9-E503-4B76-B43C-6375FE8EBB63}.Debug|Any CPU.Build.0 = Debug|Any CPU
		{39E8ECA9-E503-4B76-B43C-6375FE8EBB63}.Release|Any CPU.ActiveCfg = Release|Any CPU
		{39E8ECA9-E503-4B76-B43C-6375FE8EBB63}.Release|Any CPU.Build.0 = Release|Any CPU
	EndGlobalSection
	GlobalSection(SolutionProperties) = preSolution
		HideSolutionNode = FALSE
	EndGlobalSection
	GlobalSection(ExtensibilityGlobals) = postSolution
		SolutionGuid = {B73B67FD-8952-487B-B5F1-6FBA42A096F6}
	EndGlobalSection
EndGlobal
